// !$*UTF8*$!
{
	archiveVersion = 1;
	classes = {
	};
	objectVersion = 46;
	objects = {

/* Begin PBXBuildFile section */
		1D3623260D0F684500981E51 /* AppDelegate.m in Sources */ = {isa = PBXBuildFile; fileRef = 1D3623250D0F684500981E51 /* AppDelegate.m */; };
		1D60589B0D05DD56006BFB54 /* main.m in Sources */ = {isa = PBXBuildFile; fileRef = 29B97316FDCFA39411CA2CEA /* main.m */; };
		1D60589F0D05DD5A006BFB54 /* Foundation.framework in Frameworks */ = {isa = PBXBuildFile; fileRef = 1D30AB110D05D00D00671497 /* Foundation.framework */; };
		1DF5F4E00D08C38300B7A737 /* UIKit.framework in Frameworks */ = {isa = PBXBuildFile; fileRef = 1DF5F4DF0D08C38300B7A737 /* UIKit.framework */; };
		288765FD0DF74451002DB57D /* CoreGraphics.framework in Frameworks */ = {isa = PBXBuildFile; fileRef = 288765FC0DF74451002DB57D /* CoreGraphics.framework */; };
		B34F7E8216C6972900BF8239 /* netmera.framework in Frameworks */ = {isa = PBXBuildFile; fileRef = B34F7E8116C6972900BF8239 /* netmera.framework */; };
		B34F7E8516C69B6100BF8239 /* Twitter.framework in Frameworks */ = {isa = PBXBuildFile; fileRef = B34F7E8416C69B6100BF8239 /* Twitter.framework */; };
		B34F7E8716C69B6B00BF8239 /* libxml2.dylib in Frameworks */ = {isa = PBXBuildFile; fileRef = B34F7E8616C69B6B00BF8239 /* libxml2.dylib */; };
		B34F7E8916C69B7500BF8239 /* Social.framework in Frameworks */ = {isa = PBXBuildFile; fileRef = B34F7E8816C69B7500BF8239 /* Social.framework */; };
		B34F7E8B16C69B8000BF8239 /* Accounts.framework in Frameworks */ = {isa = PBXBuildFile; fileRef = B34F7E8A16C69B8000BF8239 /* Accounts.framework */; };
		B34F7E8F16C69B9500BF8239 /* libsqlite3.dylib in Frameworks */ = {isa = PBXBuildFile; fileRef = B34F7E8E16C69B9500BF8239 /* libsqlite3.dylib */; };
		B34F7E9116C69BA300BF8239 /* CFNetwork.framework in Frameworks */ = {isa = PBXBuildFile; fileRef = B34F7E9016C69BA300BF8239 /* CFNetwork.framework */; };
		B34F7E9316C69BAB00BF8239 /* SystemConfiguration.framework in Frameworks */ = {isa = PBXBuildFile; fileRef = B34F7E9216C69BAB00BF8239 /* SystemConfiguration.framework */; };
		B34F7E9516C69BB100BF8239 /* MobileCoreServices.framework in Frameworks */ = {isa = PBXBuildFile; fileRef = B34F7E9416C69BB100BF8239 /* MobileCoreServices.framework */; };
		B34F7E9916C69ED600BF8239 /* AdSupport.framework in Frameworks */ = {isa = PBXBuildFile; fileRef = B34F7E8C16C69B8900BF8239 /* AdSupport.framework */; };
		B34F7E9C16C6A4FA00BF8239 /* bear_animated.png in Resources */ = {isa = PBXBuildFile; fileRef = B34F7E9A16C6A4FA00BF8239 /* bear_animated.png */; };
		B34F7E9D16C6A4FA00BF8239 /* bear_animated.xml in Resources */ = {isa = PBXBuildFile; fileRef = B34F7E9B16C6A4FA00BF8239 /* bear_animated.xml */; };
		B34F7EA516C706DD00BF8239 /* PointInPolygonChecker.m in Sources */ = {isa = PBXBuildFile; fileRef = B34F7EA416C706DD00BF8239 /* PointInPolygonChecker.m */; };
		DE3F093811B7B9DC009D4DB0 /* AVFoundation.framework in Frameworks */ = {isa = PBXBuildFile; fileRef = DE3F093711B7B9DC009D4DB0 /* AVFoundation.framework */; };
		DE3F093A11B7B9DC009D4DB0 /* AudioToolbox.framework in Frameworks */ = {isa = PBXBuildFile; fileRef = DE3F093911B7B9DC009D4DB0 /* AudioToolbox.framework */; };
		DE3F097811B7BABD009D4DB0 /* OpenAL.framework in Frameworks */ = {isa = PBXBuildFile; fileRef = DE3F097711B7BABD009D4DB0 /* OpenAL.framework */; };
		DE4A3D7A10FFB08200FDA492 /* OpenGLES.framework in Frameworks */ = {isa = PBXBuildFile; fileRef = DE4A3D7910FFB08200FDA492 /* OpenGLES.framework */; };
		DE4A3D7F10FFB08B00FDA492 /* QuartzCore.framework in Frameworks */ = {isa = PBXBuildFile; fileRef = DE4A3D7E10FFB08B00FDA492 /* QuartzCore.framework */; };
		DE4A3DE510FFB2AF00FDA492 /* Game.m in Sources */ = {isa = PBXBuildFile; fileRef = DE4A3DE410FFB2AF00FDA492 /* Game.m */; };
		DE5C4E6E138ED109004892CA /* libz.dylib in Frameworks */ = {isa = PBXBuildFile; fileRef = DE5C4E6D138ED109004892CA /* libz.dylib */; };
		DE91027C16244E60001FD950 /* Default-568h@2x.png in Resources */ = {isa = PBXBuildFile; fileRef = DE91027B16244E60001FD950 /* Default-568h@2x.png */; };
		DE91027E16244F0C001FD950 /* Default.png in Resources */ = {isa = PBXBuildFile; fileRef = DE91027D16244F0C001FD950 /* Default.png */; };
		DE91028016244F74001FD950 /* Default@2x.png in Resources */ = {isa = PBXBuildFile; fileRef = DE91027F16244F74001FD950 /* Default@2x.png */; };
		FD46D7D416C665E60013EF5C /* BEParallaxSprite.m in Sources */ = {isa = PBXBuildFile; fileRef = FD46D7D316C665E60013EF5C /* BEParallaxSprite.m */; };
		FD46D7DA16C668F70013EF5C /* Bear.m in Sources */ = {isa = PBXBuildFile; fileRef = FD46D7D916C668F70013EF5C /* Bear.m */; };
		FD561E2816C6BD5000D58A2A /* level-ground-1@2x.png in Resources */ = {isa = PBXBuildFile; fileRef = FD561E2616C6BD5000D58A2A /* level-ground-1@2x.png */; };
		FD561E2916C6BD5000D58A2A /* level-ground-1.png in Resources */ = {isa = PBXBuildFile; fileRef = FD561E2716C6BD5000D58A2A /* level-ground-1.png */; };
		FD561E2E16C6C56B00D58A2A /* level-ground-1.plist in Resources */ = {isa = PBXBuildFile; fileRef = FD561E2D16C6C56B00D58A2A /* level-ground-1.plist */; };
		FD6DCE1616C692690053D5BF /* bear@2x.png in Resources */ = {isa = PBXBuildFile; fileRef = FD6DCE1516C692690053D5BF /* bear@2x.png */; };
		FD6DCE1816C6926F0053D5BF /* bear.png in Resources */ = {isa = PBXBuildFile; fileRef = FD6DCE1716C6926F0053D5BF /* bear.png */; };
		FD6DCE1D16C693D30053D5BF /* bg@2x.png in Resources */ = {isa = PBXBuildFile; fileRef = FD6DCE1B16C693D30053D5BF /* bg@2x.png */; };
		FD6DCE1E16C693D30053D5BF /* bg.png in Resources */ = {isa = PBXBuildFile; fileRef = FD6DCE1C16C693D30053D5BF /* bg.png */; };
		FD6DCF1716C6B2BB0053D5BF /* Level1.m in Sources */ = {isa = PBXBuildFile; fileRef = FD6DCF1616C6B2BB0053D5BF /* Level1.m */; };
		FD6DCF1A16C6B3F10053D5BF /* Scene.m in Sources */ = {isa = PBXBuildFile; fileRef = FD6DCF1916C6B3F10053D5BF /* Scene.m */; };
		FD9406A616C7B75200C5D52D /* LevelGround.m in Sources */ = {isa = PBXBuildFile; fileRef = FD9406A516C7B75200C5D52D /* LevelGround.m */; };
		FD9406B116C7C7B100C5D52D /* level-ground-2.png in Resources */ = {isa = PBXBuildFile; fileRef = FD9406A716C7C7B100C5D52D /* level-ground-2.png */; };
		FD9406B216C7C7B100C5D52D /* level-ground-2@2x.png in Resources */ = {isa = PBXBuildFile; fileRef = FD9406A816C7C7B100C5D52D /* level-ground-2@2x.png */; };
		FD9406B316C7C7B100C5D52D /* level-ground-3.png in Resources */ = {isa = PBXBuildFile; fileRef = FD9406A916C7C7B100C5D52D /* level-ground-3.png */; };
		FD9406B416C7C7B100C5D52D /* level-ground-3@2x.png in Resources */ = {isa = PBXBuildFile; fileRef = FD9406AA16C7C7B100C5D52D /* level-ground-3@2x.png */; };
		FD9406B516C7C7B100C5D52D /* level-ground-4.png in Resources */ = {isa = PBXBuildFile; fileRef = FD9406AB16C7C7B100C5D52D /* level-ground-4.png */; };
		FD9406B616C7C7B100C5D52D /* level-ground-4@2x.png in Resources */ = {isa = PBXBuildFile; fileRef = FD9406AC16C7C7B100C5D52D /* level-ground-4@2x.png */; };
		FD9406B716C7C7B100C5D52D /* level-ground-5.png in Resources */ = {isa = PBXBuildFile; fileRef = FD9406AD16C7C7B100C5D52D /* level-ground-5.png */; };
		FD9406B816C7C7B100C5D52D /* level-ground-5@2x.png in Resources */ = {isa = PBXBuildFile; fileRef = FD9406AE16C7C7B100C5D52D /* level-ground-5@2x.png */; };
		FD9406B916C7C7B100C5D52D /* level-ground-6.png in Resources */ = {isa = PBXBuildFile; fileRef = FD9406AF16C7C7B100C5D52D /* level-ground-6.png */; };
		FD9406BA16C7C7B100C5D52D /* level-ground-6@2x.png in Resources */ = {isa = PBXBuildFile; fileRef = FD9406B016C7C7B100C5D52D /* level-ground-6@2x.png */; };
		FD9406BD16C7D06A00C5D52D /* forest0.png in Resources */ = {isa = PBXBuildFile; fileRef = FD9406BB16C7D06A00C5D52D /* forest0.png */; };
		FD9406BE16C7D06A00C5D52D /* forest0@2x.png in Resources */ = {isa = PBXBuildFile; fileRef = FD9406BC16C7D06A00C5D52D /* forest0@2x.png */; };
		FDC1FB5D16C6D98A00104203 /* libSparrow.a in Frameworks */ = {isa = PBXBuildFile; fileRef = FDC1FB5C16C6D98A00104203 /* libSparrow.a */; };
		FDC1FB6116C6F72A00104203 /* Icon.png in Resources */ = {isa = PBXBuildFile; fileRef = FDC1FB5F16C6F72A00104203 /* Icon.png */; };
		FDC1FB6216C6F72A00104203 /* Icon@2x.png in Resources */ = {isa = PBXBuildFile; fileRef = FDC1FB6016C6F72A00104203 /* Icon@2x.png */; };
		FDC1FB6916C7108900104203 /* forest1.png in Resources */ = {isa = PBXBuildFile; fileRef = FDC1FB6316C7108900104203 /* forest1.png */; };
		FDC1FB6A16C7108900104203 /* forest1@2x.png in Resources */ = {isa = PBXBuildFile; fileRef = FDC1FB6416C7108900104203 /* forest1@2x.png */; };
		FDC1FB6B16C7108900104203 /* forest2.png in Resources */ = {isa = PBXBuildFile; fileRef = FDC1FB6516C7108900104203 /* forest2.png */; };
		FDC1FB6C16C7108900104203 /* forest2@2x.png in Resources */ = {isa = PBXBuildFile; fileRef = FDC1FB6616C7108900104203 /* forest2@2x.png */; };
		FDC1FB6D16C7108900104203 /* forest3.png in Resources */ = {isa = PBXBuildFile; fileRef = FDC1FB6716C7108900104203 /* forest3.png */; };
		FDC1FB6E16C7108900104203 /* forest3@2x.png in Resources */ = {isa = PBXBuildFile; fileRef = FDC1FB6816C7108900104203 /* forest3@2x.png */; };
/* End PBXBuildFile section */

/* Begin PBXContainerItemProxy section */
		B34F7EAB16C70E8C00BF8239 /* PBXContainerItemProxy */ = {
			isa = PBXContainerItemProxy;
			containerPortal = DE4A3DA210FFB0D400FDA492 /* Sparrow.xcodeproj */;
			proxyType = 2;
			remoteGlobalIDString = DEFE4BC2101B317600E22471;
			remoteInfo = Sparrow;
		};
		B34F7EAD16C70E8C00BF8239 /* PBXContainerItemProxy */ = {
			isa = PBXContainerItemProxy;
			containerPortal = DE4A3DA210FFB0D400FDA492 /* Sparrow.xcodeproj */;
			proxyType = 2;
			remoteGlobalIDString = DEEA9335101E32A30071DD21;
			remoteInfo = UnitTests;
		};
/* End PBXContainerItemProxy section */

/* Begin PBXFileReference section */
		1D30AB110D05D00D00671497 /* Foundation.framework */ = {isa = PBXFileReference; lastKnownFileType = wrapper.framework; name = Foundation.framework; path = System/Library/Frameworks/Foundation.framework; sourceTree = SDKROOT; };
		1D3623240D0F684500981E51 /* AppDelegate.h */ = {isa = PBXFileReference; fileEncoding = 4; lastKnownFileType = sourcecode.c.h; path = AppDelegate.h; sourceTree = "<group>"; };
		1D3623250D0F684500981E51 /* AppDelegate.m */ = {isa = PBXFileReference; fileEncoding = 4; lastKnownFileType = sourcecode.c.objc; path = AppDelegate.m; sourceTree = "<group>"; };
		1D6058910D05DD3D006BFB54 /* Shrooms.app */ = {isa = PBXFileReference; explicitFileType = wrapper.application; includeInIndex = 0; path = Shrooms.app; sourceTree = BUILT_PRODUCTS_DIR; };
		1DF5F4DF0D08C38300B7A737 /* UIKit.framework */ = {isa = PBXFileReference; lastKnownFileType = wrapper.framework; name = UIKit.framework; path = System/Library/Frameworks/UIKit.framework; sourceTree = SDKROOT; };
		288765FC0DF74451002DB57D /* CoreGraphics.framework */ = {isa = PBXFileReference; lastKnownFileType = wrapper.framework; name = CoreGraphics.framework; path = System/Library/Frameworks/CoreGraphics.framework; sourceTree = SDKROOT; };
		29B97316FDCFA39411CA2CEA /* main.m */ = {isa = PBXFileReference; fileEncoding = 4; lastKnownFileType = sourcecode.c.objc; path = main.m; sourceTree = "<group>"; };
		32CA4F630368D1EE00C91783 /* App-Prefix.pch */ = {isa = PBXFileReference; fileEncoding = 4; lastKnownFileType = sourcecode.c.h; path = "App-Prefix.pch"; sourceTree = "<group>"; };
		8D1107310486CEB800E47090 /* App-Info.plist */ = {isa = PBXFileReference; fileEncoding = 4; lastKnownFileType = text.plist.xml; path = "App-Info.plist"; plistStructureDefinitionIdentifier = "com.apple.xcode.plist.structure-definition.iphone.info-plist"; sourceTree = "<group>"; };
		B34F7E8116C6972900BF8239 /* netmera.framework */ = {isa = PBXFileReference; lastKnownFileType = wrapper.framework; name = netmera.framework; path = Vendor/netmera.framework; sourceTree = "<group>"; };
		B34F7E8416C69B6100BF8239 /* Twitter.framework */ = {isa = PBXFileReference; lastKnownFileType = wrapper.framework; name = Twitter.framework; path = System/Library/Frameworks/Twitter.framework; sourceTree = SDKROOT; };
		B34F7E8616C69B6B00BF8239 /* libxml2.dylib */ = {isa = PBXFileReference; lastKnownFileType = "compiled.mach-o.dylib"; name = libxml2.dylib; path = usr/lib/libxml2.dylib; sourceTree = SDKROOT; };
		B34F7E8816C69B7500BF8239 /* Social.framework */ = {isa = PBXFileReference; lastKnownFileType = wrapper.framework; name = Social.framework; path = System/Library/Frameworks/Social.framework; sourceTree = SDKROOT; };
		B34F7E8A16C69B8000BF8239 /* Accounts.framework */ = {isa = PBXFileReference; lastKnownFileType = wrapper.framework; name = Accounts.framework; path = System/Library/Frameworks/Accounts.framework; sourceTree = SDKROOT; };
		B34F7E8C16C69B8900BF8239 /* AdSupport.framework */ = {isa = PBXFileReference; lastKnownFileType = wrapper.framework; name = AdSupport.framework; path = System/Library/Frameworks/AdSupport.framework; sourceTree = SDKROOT; };
		B34F7E8E16C69B9500BF8239 /* libsqlite3.dylib */ = {isa = PBXFileReference; lastKnownFileType = "compiled.mach-o.dylib"; name = libsqlite3.dylib; path = usr/lib/libsqlite3.dylib; sourceTree = SDKROOT; };
		B34F7E9016C69BA300BF8239 /* CFNetwork.framework */ = {isa = PBXFileReference; lastKnownFileType = wrapper.framework; name = CFNetwork.framework; path = System/Library/Frameworks/CFNetwork.framework; sourceTree = SDKROOT; };
		B34F7E9216C69BAB00BF8239 /* SystemConfiguration.framework */ = {isa = PBXFileReference; lastKnownFileType = wrapper.framework; name = SystemConfiguration.framework; path = System/Library/Frameworks/SystemConfiguration.framework; sourceTree = SDKROOT; };
		B34F7E9416C69BB100BF8239 /* MobileCoreServices.framework */ = {isa = PBXFileReference; lastKnownFileType = wrapper.framework; name = MobileCoreServices.framework; path = System/Library/Frameworks/MobileCoreServices.framework; sourceTree = SDKROOT; };
		B34F7E9A16C6A4FA00BF8239 /* bear_animated.png */ = {isa = PBXFileReference; lastKnownFileType = image.png; path = bear_animated.png; sourceTree = "<group>"; };
		B34F7E9B16C6A4FA00BF8239 /* bear_animated.xml */ = {isa = PBXFileReference; fileEncoding = 4; lastKnownFileType = text.xml; path = bear_animated.xml; sourceTree = "<group>"; };
		B34F7EA316C706DD00BF8239 /* PointInPolygonChecker.h */ = {isa = PBXFileReference; fileEncoding = 4; lastKnownFileType = sourcecode.c.h; path = PointInPolygonChecker.h; sourceTree = "<group>"; };
		B34F7EA416C706DD00BF8239 /* PointInPolygonChecker.m */ = {isa = PBXFileReference; fileEncoding = 4; lastKnownFileType = sourcecode.c.objc; path = PointInPolygonChecker.m; sourceTree = "<group>"; };
		DE3F093711B7B9DC009D4DB0 /* AVFoundation.framework */ = {isa = PBXFileReference; lastKnownFileType = wrapper.framework; name = AVFoundation.framework; path = System/Library/Frameworks/AVFoundation.framework; sourceTree = SDKROOT; };
		DE3F093911B7B9DC009D4DB0 /* AudioToolbox.framework */ = {isa = PBXFileReference; lastKnownFileType = wrapper.framework; name = AudioToolbox.framework; path = System/Library/Frameworks/AudioToolbox.framework; sourceTree = SDKROOT; };
		DE3F097711B7BABD009D4DB0 /* OpenAL.framework */ = {isa = PBXFileReference; lastKnownFileType = wrapper.framework; name = OpenAL.framework; path = System/Library/Frameworks/OpenAL.framework; sourceTree = SDKROOT; };
		DE4A3D7910FFB08200FDA492 /* OpenGLES.framework */ = {isa = PBXFileReference; lastKnownFileType = wrapper.framework; name = OpenGLES.framework; path = System/Library/Frameworks/OpenGLES.framework; sourceTree = SDKROOT; };
		DE4A3D7E10FFB08B00FDA492 /* QuartzCore.framework */ = {isa = PBXFileReference; lastKnownFileType = wrapper.framework; name = QuartzCore.framework; path = System/Library/Frameworks/QuartzCore.framework; sourceTree = SDKROOT; };
		DE4A3DA210FFB0D400FDA492 /* Sparrow.xcodeproj */ = {isa = PBXFileReference; lastKnownFileType = "wrapper.pb-project"; path = Sparrow.xcodeproj; sourceTree = SPARROW_SRC; };
		DE4A3DE310FFB2AF00FDA492 /* Game.h */ = {isa = PBXFileReference; fileEncoding = 4; lastKnownFileType = sourcecode.c.h; path = Game.h; sourceTree = "<group>"; };
		DE4A3DE410FFB2AF00FDA492 /* Game.m */ = {isa = PBXFileReference; fileEncoding = 4; lastKnownFileType = sourcecode.c.objc; path = Game.m; sourceTree = "<group>"; };
		DE5C4E6D138ED109004892CA /* libz.dylib */ = {isa = PBXFileReference; lastKnownFileType = "compiled.mach-o.dylib"; name = libz.dylib; path = usr/lib/libz.dylib; sourceTree = SDKROOT; };
		DE91027B16244E60001FD950 /* Default-568h@2x.png */ = {isa = PBXFileReference; lastKnownFileType = image.png; path = "Default-568h@2x.png"; sourceTree = "<group>"; };
		DE91027D16244F0C001FD950 /* Default.png */ = {isa = PBXFileReference; lastKnownFileType = image.png; path = Default.png; sourceTree = "<group>"; };
		DE91027F16244F74001FD950 /* Default@2x.png */ = {isa = PBXFileReference; lastKnownFileType = image.png; path = "Default@2x.png"; sourceTree = "<group>"; };
		FD46D7D216C665E60013EF5C /* BEParallaxSprite.h */ = {isa = PBXFileReference; fileEncoding = 4; lastKnownFileType = sourcecode.c.h; path = BEParallaxSprite.h; sourceTree = "<group>"; };
		FD46D7D316C665E60013EF5C /* BEParallaxSprite.m */ = {isa = PBXFileReference; fileEncoding = 4; lastKnownFileType = sourcecode.c.objc; path = BEParallaxSprite.m; sourceTree = "<group>"; };
		FD46D7D816C668F70013EF5C /* Bear.h */ = {isa = PBXFileReference; fileEncoding = 4; lastKnownFileType = sourcecode.c.h; path = Bear.h; sourceTree = "<group>"; };
		FD46D7D916C668F70013EF5C /* Bear.m */ = {isa = PBXFileReference; fileEncoding = 4; lastKnownFileType = sourcecode.c.objc; path = Bear.m; sourceTree = "<group>"; };
		FD561E2616C6BD5000D58A2A /* level-ground-1@2x.png */ = {isa = PBXFileReference; lastKnownFileType = image.png; path = "level-ground-1@2x.png"; sourceTree = "<group>"; };
		FD561E2716C6BD5000D58A2A /* level-ground-1.png */ = {isa = PBXFileReference; lastKnownFileType = image.png; path = "level-ground-1.png"; sourceTree = "<group>"; };
		FD561E2D16C6C56B00D58A2A /* level-ground-1.plist */ = {isa = PBXFileReference; fileEncoding = 4; lastKnownFileType = text.plist.xml; path = "level-ground-1.plist"; sourceTree = "<group>"; };
		FD6DCE1516C692690053D5BF /* bear@2x.png */ = {isa = PBXFileReference; lastKnownFileType = image.png; path = "bear@2x.png"; sourceTree = "<group>"; };
		FD6DCE1716C6926F0053D5BF /* bear.png */ = {isa = PBXFileReference; lastKnownFileType = image.png; path = bear.png; sourceTree = "<group>"; };
		FD6DCE1B16C693D30053D5BF /* bg@2x.png */ = {isa = PBXFileReference; lastKnownFileType = image.png; path = "bg@2x.png"; sourceTree = "<group>"; };
		FD6DCE1C16C693D30053D5BF /* bg.png */ = {isa = PBXFileReference; lastKnownFileType = image.png; path = bg.png; sourceTree = "<group>"; };
		FD6DCF1516C6B2BB0053D5BF /* Level1.h */ = {isa = PBXFileReference; fileEncoding = 4; lastKnownFileType = sourcecode.c.h; path = Level1.h; sourceTree = "<group>"; };
		FD6DCF1616C6B2BB0053D5BF /* Level1.m */ = {isa = PBXFileReference; fileEncoding = 4; lastKnownFileType = sourcecode.c.objc; path = Level1.m; sourceTree = "<group>"; };
		FD6DCF1816C6B3F10053D5BF /* Scene.h */ = {isa = PBXFileReference; fileEncoding = 4; lastKnownFileType = sourcecode.c.h; path = Scene.h; sourceTree = "<group>"; };
		FD6DCF1916C6B3F10053D5BF /* Scene.m */ = {isa = PBXFileReference; fileEncoding = 4; lastKnownFileType = sourcecode.c.objc; path = Scene.m; sourceTree = "<group>"; };
		FD9406A416C7B75200C5D52D /* LevelGround.h */ = {isa = PBXFileReference; fileEncoding = 4; lastKnownFileType = sourcecode.c.h; path = LevelGround.h; sourceTree = "<group>"; };
		FD9406A516C7B75200C5D52D /* LevelGround.m */ = {isa = PBXFileReference; fileEncoding = 4; lastKnownFileType = sourcecode.c.objc; path = LevelGround.m; sourceTree = "<group>"; };
		FD9406A716C7C7B100C5D52D /* level-ground-2.png */ = {isa = PBXFileReference; lastKnownFileType = image.png; path = "level-ground-2.png"; sourceTree = "<group>"; };
		FD9406A816C7C7B100C5D52D /* level-ground-2@2x.png */ = {isa = PBXFileReference; lastKnownFileType = image.png; path = "level-ground-2@2x.png"; sourceTree = "<group>"; };
		FD9406A916C7C7B100C5D52D /* level-ground-3.png */ = {isa = PBXFileReference; lastKnownFileType = image.png; path = "level-ground-3.png"; sourceTree = "<group>"; };
		FD9406AA16C7C7B100C5D52D /* level-ground-3@2x.png */ = {isa = PBXFileReference; lastKnownFileType = image.png; path = "level-ground-3@2x.png"; sourceTree = "<group>"; };
		FD9406AB16C7C7B100C5D52D /* level-ground-4.png */ = {isa = PBXFileReference; lastKnownFileType = image.png; path = "level-ground-4.png"; sourceTree = "<group>"; };
		FD9406AC16C7C7B100C5D52D /* level-ground-4@2x.png */ = {isa = PBXFileReference; lastKnownFileType = image.png; path = "level-ground-4@2x.png"; sourceTree = "<group>"; };
		FD9406AD16C7C7B100C5D52D /* level-ground-5.png */ = {isa = PBXFileReference; lastKnownFileType = image.png; path = "level-ground-5.png"; sourceTree = "<group>"; };
		FD9406AE16C7C7B100C5D52D /* level-ground-5@2x.png */ = {isa = PBXFileReference; lastKnownFileType = image.png; path = "level-ground-5@2x.png"; sourceTree = "<group>"; };
		FD9406AF16C7C7B100C5D52D /* level-ground-6.png */ = {isa = PBXFileReference; lastKnownFileType = image.png; path = "level-ground-6.png"; sourceTree = "<group>"; };
		FD9406B016C7C7B100C5D52D /* level-ground-6@2x.png */ = {isa = PBXFileReference; lastKnownFileType = image.png; path = "level-ground-6@2x.png"; sourceTree = "<group>"; };
		FD9406BB16C7D06A00C5D52D /* forest0.png */ = {isa = PBXFileReference; lastKnownFileType = image.png; path = forest0.png; sourceTree = "<group>"; };
		FD9406BC16C7D06A00C5D52D /* forest0@2x.png */ = {isa = PBXFileReference; lastKnownFileType = image.png; path = "forest0@2x.png"; sourceTree = "<group>"; };
		FDC1FB5C16C6D98A00104203 /* libSparrow.a */ = {isa = PBXFileReference; lastKnownFileType = archive.ar; name = libSparrow.a; path = "../../../../Library/Developer/Xcode/DerivedData/Shrooms-emrswdkoivvfbeakyryghjeqswub/Build/Products/Debug-iphoneos/libSparrow.a"; sourceTree = "<group>"; };
		FDC1FB5F16C6F72A00104203 /* Icon.png */ = {isa = PBXFileReference; lastKnownFileType = image.png; path = Icon.png; sourceTree = "<group>"; };
		FDC1FB6016C6F72A00104203 /* Icon@2x.png */ = {isa = PBXFileReference; lastKnownFileType = image.png; path = "Icon@2x.png"; sourceTree = "<group>"; };
		FDC1FB6316C7108900104203 /* forest1.png */ = {isa = PBXFileReference; lastKnownFileType = image.png; path = forest1.png; sourceTree = "<group>"; };
		FDC1FB6416C7108900104203 /* forest1@2x.png */ = {isa = PBXFileReference; lastKnownFileType = image.png; path = "forest1@2x.png"; sourceTree = "<group>"; };
		FDC1FB6516C7108900104203 /* forest2.png */ = {isa = PBXFileReference; lastKnownFileType = image.png; path = forest2.png; sourceTree = "<group>"; };
		FDC1FB6616C7108900104203 /* forest2@2x.png */ = {isa = PBXFileReference; lastKnownFileType = image.png; path = "forest2@2x.png"; sourceTree = "<group>"; };
		FDC1FB6716C7108900104203 /* forest3.png */ = {isa = PBXFileReference; lastKnownFileType = image.png; path = forest3.png; sourceTree = "<group>"; };
		FDC1FB6816C7108900104203 /* forest3@2x.png */ = {isa = PBXFileReference; lastKnownFileType = image.png; path = "forest3@2x.png"; sourceTree = "<group>"; };
/* End PBXFileReference section */

/* Begin PBXFrameworksBuildPhase section */
		1D60588F0D05DD3D006BFB54 /* Frameworks */ = {
			isa = PBXFrameworksBuildPhase;
			buildActionMask = 2147483647;
			files = (
				B34F7E8516C69B6100BF8239 /* Twitter.framework in Frameworks */,
				B34F7E9916C69ED600BF8239 /* AdSupport.framework in Frameworks */,
				B34F7E9516C69BB100BF8239 /* MobileCoreServices.framework in Frameworks */,
				B34F7E9316C69BAB00BF8239 /* SystemConfiguration.framework in Frameworks */,
				B34F7E9116C69BA300BF8239 /* CFNetwork.framework in Frameworks */,
				DE5C4E6E138ED109004892CA /* libz.dylib in Frameworks */,
				B34F7E8F16C69B9500BF8239 /* libsqlite3.dylib in Frameworks */,
				FDC1FB5D16C6D98A00104203 /* libSparrow.a in Frameworks */,
				B34F7E8B16C69B8000BF8239 /* Accounts.framework in Frameworks */,
				B34F7E8916C69B7500BF8239 /* Social.framework in Frameworks */,
				B34F7E8716C69B6B00BF8239 /* libxml2.dylib in Frameworks */,
				1D60589F0D05DD5A006BFB54 /* Foundation.framework in Frameworks */,
				1DF5F4E00D08C38300B7A737 /* UIKit.framework in Frameworks */,
				288765FD0DF74451002DB57D /* CoreGraphics.framework in Frameworks */,
				DE4A3D7A10FFB08200FDA492 /* OpenGLES.framework in Frameworks */,
				DE4A3D7F10FFB08B00FDA492 /* QuartzCore.framework in Frameworks */,
				DE3F093811B7B9DC009D4DB0 /* AVFoundation.framework in Frameworks */,
				DE3F093A11B7B9DC009D4DB0 /* AudioToolbox.framework in Frameworks */,
				DE3F097811B7BABD009D4DB0 /* OpenAL.framework in Frameworks */,
				B34F7E8216C6972900BF8239 /* netmera.framework in Frameworks */,
			);
			runOnlyForDeploymentPostprocessing = 0;
		};
/* End PBXFrameworksBuildPhase section */

/* Begin PBXGroup section */
		080E96DDFE201D6D7F000001 /* Classes */ = {
			isa = PBXGroup;
			children = (
				FD6DCF0F16C6B1950053D5BF /* Scenes */,
				FD46D7D516C665F00013EF5C /* Sparrow Extensions */,
				1D3623240D0F684500981E51 /* AppDelegate.h */,
				1D3623250D0F684500981E51 /* AppDelegate.m */,
				DE4A3DE310FFB2AF00FDA492 /* Game.h */,
				DE4A3DE410FFB2AF00FDA492 /* Game.m */,
				FD46D7D816C668F70013EF5C /* Bear.h */,
				FD46D7D916C668F70013EF5C /* Bear.m */,
				B34F7EA316C706DD00BF8239 /* PointInPolygonChecker.h */,
				B34F7EA416C706DD00BF8239 /* PointInPolygonChecker.m */,
			);
			path = Classes;
			sourceTree = "<group>";
		};
		19C28FACFE9D520D11CA2CBB /* Products */ = {
			isa = PBXGroup;
			children = (
				1D6058910D05DD3D006BFB54 /* Shrooms.app */,
			);
			name = Products;
			sourceTree = "<group>";
		};
		29B97314FDCFA39411CA2CEA /* CustomTemplate */ = {
			isa = PBXGroup;
			children = (
				FDC1FB5C16C6D98A00104203 /* libSparrow.a */,
				DE4A3DA210FFB0D400FDA492 /* Sparrow.xcodeproj */,
				080E96DDFE201D6D7F000001 /* Classes */,
				29B97315FDCFA39411CA2CEA /* Other Sources */,
				29B97317FDCFA39411CA2CEA /* Resources */,
				29B97323FDCFA39411CA2CEA /* Frameworks */,
				19C28FACFE9D520D11CA2CBB /* Products */,
			);
			name = CustomTemplate;
			sourceTree = "<group>";
		};
		29B97315FDCFA39411CA2CEA /* Other Sources */ = {
			isa = PBXGroup;
			children = (
				29B97316FDCFA39411CA2CEA /* main.m */,
				32CA4F630368D1EE00C91783 /* App-Prefix.pch */,
				8D1107310486CEB800E47090 /* App-Info.plist */,
			);
			name = "Other Sources";
			sourceTree = "<group>";
		};
		29B97317FDCFA39411CA2CEA /* Resources */ = {
			isa = PBXGroup;
			children = (
				FDC1FB5F16C6F72A00104203 /* Icon.png */,
				FDC1FB6016C6F72A00104203 /* Icon@2x.png */,
				FD6DCE1216C6922D0053D5BF /* media */,
				DE91027D16244F0C001FD950 /* Default.png */,
				DE91027F16244F74001FD950 /* Default@2x.png */,
				DE91027B16244E60001FD950 /* Default-568h@2x.png */,
			);
			name = Resources;
			sourceTree = "<group>";
		};
		29B97323FDCFA39411CA2CEA /* Frameworks */ = {
			isa = PBXGroup;
			children = (
				B34F7E9416C69BB100BF8239 /* MobileCoreServices.framework */,
				B34F7E9216C69BAB00BF8239 /* SystemConfiguration.framework */,
				B34F7E9016C69BA300BF8239 /* CFNetwork.framework */,
				B34F7E8E16C69B9500BF8239 /* libsqlite3.dylib */,
				B34F7E8C16C69B8900BF8239 /* AdSupport.framework */,
				B34F7E8A16C69B8000BF8239 /* Accounts.framework */,
				B34F7E8816C69B7500BF8239 /* Social.framework */,
				B34F7E8616C69B6B00BF8239 /* libxml2.dylib */,
				B34F7E8416C69B6100BF8239 /* Twitter.framework */,
				B34F7E8116C6972900BF8239 /* netmera.framework */,
				DE5C4E6D138ED109004892CA /* libz.dylib */,
				DE3F093711B7B9DC009D4DB0 /* AVFoundation.framework */,
				DE3F093911B7B9DC009D4DB0 /* AudioToolbox.framework */,
				DE3F097711B7BABD009D4DB0 /* OpenAL.framework */,
				DE4A3D7E10FFB08B00FDA492 /* QuartzCore.framework */,
				DE4A3D7910FFB08200FDA492 /* OpenGLES.framework */,
				1DF5F4DF0D08C38300B7A737 /* UIKit.framework */,
				1D30AB110D05D00D00671497 /* Foundation.framework */,
				288765FC0DF74451002DB57D /* CoreGraphics.framework */,
			);
			name = Frameworks;
			sourceTree = "<group>";
		};
		B34F7EA716C70E8C00BF8239 /* Products */ = {
			isa = PBXGroup;
			children = (
				B34F7EAC16C70E8C00BF8239 /* libSparrow.a */,
				B34F7EAE16C70E8C00BF8239 /* UnitTest.octest */,
			);
			name = Products;
			sourceTree = "<group>";
		};
		FD46D7D516C665F00013EF5C /* Sparrow Extensions */ = {
			isa = PBXGroup;
			children = (
				FD46D7D216C665E60013EF5C /* BEParallaxSprite.h */,
				FD46D7D316C665E60013EF5C /* BEParallaxSprite.m */,
			);
			name = "Sparrow Extensions";
			sourceTree = "<group>";
		};
		FD6DCE1216C6922D0053D5BF /* media */ = {
			isa = PBXGroup;
			children = (
				FD6DCE1416C692350053D5BF /* img */,
			);
			name = media;
			sourceTree = "<group>";
		};
		FD6DCE1416C692350053D5BF /* img */ = {
			isa = PBXGroup;
			children = (
				FD9406BB16C7D06A00C5D52D /* forest0.png */,
				FD9406BC16C7D06A00C5D52D /* forest0@2x.png */,
				FD9406A716C7C7B100C5D52D /* level-ground-2.png */,
				FD9406A816C7C7B100C5D52D /* level-ground-2@2x.png */,
				FD9406A916C7C7B100C5D52D /* level-ground-3.png */,
				FD9406AA16C7C7B100C5D52D /* level-ground-3@2x.png */,
				FD9406AB16C7C7B100C5D52D /* level-ground-4.png */,
				FD9406AC16C7C7B100C5D52D /* level-ground-4@2x.png */,
				FD9406AD16C7C7B100C5D52D /* level-ground-5.png */,
				FD9406AE16C7C7B100C5D52D /* level-ground-5@2x.png */,
				FD9406AF16C7C7B100C5D52D /* level-ground-6.png */,
				FD9406B016C7C7B100C5D52D /* level-ground-6@2x.png */,
				FDC1FB6316C7108900104203 /* forest1.png */,
				FDC1FB6416C7108900104203 /* forest1@2x.png */,
				FDC1FB6516C7108900104203 /* forest2.png */,
				FDC1FB6616C7108900104203 /* forest2@2x.png */,
				FDC1FB6716C7108900104203 /* forest3.png */,
				FDC1FB6816C7108900104203 /* forest3@2x.png */,
				FD561E2616C6BD5000D58A2A /* level-ground-1@2x.png */,
				FD561E2716C6BD5000D58A2A /* level-ground-1.png */,
				B34F7E9A16C6A4FA00BF8239 /* bear_animated.png */,
				B34F7E9B16C6A4FA00BF8239 /* bear_animated.xml */,
				FD6DCE1B16C693D30053D5BF /* bg@2x.png */,
				FD6DCE1C16C693D30053D5BF /* bg.png */,
				FD6DCE1716C6926F0053D5BF /* bear.png */,
				FD6DCE1516C692690053D5BF /* bear@2x.png */,
				FD561E2D16C6C56B00D58A2A /* level-ground-1.plist */,
			);
			name = img;
			path = ../media/img;
			sourceTree = "<group>";
		};
		FD6DCF0F16C6B1950053D5BF /* Scenes */ = {
			isa = PBXGroup;
			children = (
				FD9406A116C7B73000C5D52D /* Level Helpers */,
				FD6DCF1516C6B2BB0053D5BF /* Level1.h */,
				FD6DCF1616C6B2BB0053D5BF /* Level1.m */,
				FD6DCF1816C6B3F10053D5BF /* Scene.h */,
				FD6DCF1916C6B3F10053D5BF /* Scene.m */,
			);
			name = Scenes;
			sourceTree = "<group>";
		};
		FD9406A116C7B73000C5D52D /* Level Helpers */ = {
			isa = PBXGroup;
			children = (
				FD9406A416C7B75200C5D52D /* LevelGround.h */,
				FD9406A516C7B75200C5D52D /* LevelGround.m */,
			);
			name = "Level Helpers";
			sourceTree = "<group>";
		};
/* End PBXGroup section */

/* Begin PBXNativeTarget section */
		1D6058900D05DD3D006BFB54 /* Shrooms */ = {
			isa = PBXNativeTarget;
			buildConfigurationList = 1D6058960D05DD3E006BFB54 /* Build configuration list for PBXNativeTarget "Shrooms" */;
			buildPhases = (
				1D60588D0D05DD3D006BFB54 /* Resources */,
				1D60588E0D05DD3D006BFB54 /* Sources */,
				1D60588F0D05DD3D006BFB54 /* Frameworks */,
			);
			buildRules = (
			);
			dependencies = (
			);
			name = Shrooms;
			productName = AppScaffold;
			productReference = 1D6058910D05DD3D006BFB54 /* Shrooms.app */;
			productType = "com.apple.product-type.application";
		};
/* End PBXNativeTarget section */

/* Begin PBXProject section */
		29B97313FDCFA39411CA2CEA /* Project object */ = {
			isa = PBXProject;
			attributes = {
				LastUpgradeCheck = 0430;
			};
			buildConfigurationList = C01FCF4E08A954540054247B /* Build configuration list for PBXProject "Shrooms" */;
			compatibilityVersion = "Xcode 3.2";
			developmentRegion = English;
			hasScannedForEncodings = 1;
			knownRegions = (
				English,
				Japanese,
				French,
				German,
			);
			mainGroup = 29B97314FDCFA39411CA2CEA /* CustomTemplate */;
			projectDirPath = "";
			projectReferences = (
				{
					ProductGroup = B34F7EA716C70E8C00BF8239 /* Products */;
					ProjectRef = DE4A3DA210FFB0D400FDA492 /* Sparrow.xcodeproj */;
				},
			);
			projectRoot = "";
			targets = (
				1D6058900D05DD3D006BFB54 /* Shrooms */,
			);
		};
/* End PBXProject section */

/* Begin PBXReferenceProxy section */
		B34F7EAC16C70E8C00BF8239 /* libSparrow.a */ = {
			isa = PBXReferenceProxy;
			fileType = archive.ar;
			path = libSparrow.a;
			remoteRef = B34F7EAB16C70E8C00BF8239 /* PBXContainerItemProxy */;
			sourceTree = BUILT_PRODUCTS_DIR;
		};
		B34F7EAE16C70E8C00BF8239 /* UnitTest.octest */ = {
			isa = PBXReferenceProxy;
			fileType = wrapper.cfbundle;
			path = UnitTest.octest;
			remoteRef = B34F7EAD16C70E8C00BF8239 /* PBXContainerItemProxy */;
			sourceTree = BUILT_PRODUCTS_DIR;
		};
/* End PBXReferenceProxy section */

/* Begin PBXResourcesBuildPhase section */
		1D60588D0D05DD3D006BFB54 /* Resources */ = {
			isa = PBXResourcesBuildPhase;
			buildActionMask = 2147483647;
			files = (
				DE91027C16244E60001FD950 /* Default-568h@2x.png in Resources */,
				DE91027E16244F0C001FD950 /* Default.png in Resources */,
				DE91028016244F74001FD950 /* Default@2x.png in Resources */,
				FD6DCE1616C692690053D5BF /* bear@2x.png in Resources */,
				FD6DCE1816C6926F0053D5BF /* bear.png in Resources */,
				FD6DCE1D16C693D30053D5BF /* bg@2x.png in Resources */,
				FD6DCE1E16C693D30053D5BF /* bg.png in Resources */,
				B34F7E9C16C6A4FA00BF8239 /* bear_animated.png in Resources */,
				B34F7E9D16C6A4FA00BF8239 /* bear_animated.xml in Resources */,
				FD561E2816C6BD5000D58A2A /* level-ground-1@2x.png in Resources */,
				FD561E2916C6BD5000D58A2A /* level-ground-1.png in Resources */,
				FD561E2E16C6C56B00D58A2A /* level-ground-1.plist in Resources */,
				FDC1FB6116C6F72A00104203 /* Icon.png in Resources */,
				FDC1FB6216C6F72A00104203 /* Icon@2x.png in Resources */,
				FDC1FB6916C7108900104203 /* forest1.png in Resources */,
				FDC1FB6A16C7108900104203 /* forest1@2x.png in Resources */,
				FDC1FB6B16C7108900104203 /* forest2.png in Resources */,
				FDC1FB6C16C7108900104203 /* forest2@2x.png in Resources */,
				FDC1FB6D16C7108900104203 /* forest3.png in Resources */,
				FDC1FB6E16C7108900104203 /* forest3@2x.png in Resources */,
				FD9406B116C7C7B100C5D52D /* level-ground-2.png in Resources */,
				FD9406B216C7C7B100C5D52D /* level-ground-2@2x.png in Resources */,
				FD9406B316C7C7B100C5D52D /* level-ground-3.png in Resources */,
				FD9406B416C7C7B100C5D52D /* level-ground-3@2x.png in Resources */,
				FD9406B516C7C7B100C5D52D /* level-ground-4.png in Resources */,
				FD9406B616C7C7B100C5D52D /* level-ground-4@2x.png in Resources */,
				FD9406B716C7C7B100C5D52D /* level-ground-5.png in Resources */,
				FD9406B816C7C7B100C5D52D /* level-ground-5@2x.png in Resources */,
				FD9406B916C7C7B100C5D52D /* level-ground-6.png in Resources */,
				FD9406BA16C7C7B100C5D52D /* level-ground-6@2x.png in Resources */,
				FD9406BD16C7D06A00C5D52D /* forest0.png in Resources */,
				FD9406BE16C7D06A00C5D52D /* forest0@2x.png in Resources */,
			);
			runOnlyForDeploymentPostprocessing = 0;
		};
/* End PBXResourcesBuildPhase section */

/* Begin PBXSourcesBuildPhase section */
		1D60588E0D05DD3D006BFB54 /* Sources */ = {
			isa = PBXSourcesBuildPhase;
			buildActionMask = 2147483647;
			files = (
				1D60589B0D05DD56006BFB54 /* main.m in Sources */,
				1D3623260D0F684500981E51 /* AppDelegate.m in Sources */,
				DE4A3DE510FFB2AF00FDA492 /* Game.m in Sources */,
				FD46D7D416C665E60013EF5C /* BEParallaxSprite.m in Sources */,
				FD46D7DA16C668F70013EF5C /* Bear.m in Sources */,
				FD6DCF1716C6B2BB0053D5BF /* Level1.m in Sources */,
				FD6DCF1A16C6B3F10053D5BF /* Scene.m in Sources */,
				B34F7EA516C706DD00BF8239 /* PointInPolygonChecker.m in Sources */,
				FD9406A616C7B75200C5D52D /* LevelGround.m in Sources */,
			);
			runOnlyForDeploymentPostprocessing = 0;
		};
/* End PBXSourcesBuildPhase section */

/* Begin XCBuildConfiguration section */
		1D6058940D05DD3E006BFB54 /* Debug */ = {
			isa = XCBuildConfiguration;
			buildSettings = {
				COPY_PHASE_STRIP = NO;
				FRAMEWORK_SEARCH_PATHS = (
					"$(inherited)",
					"\"$(SRCROOT)/Vendor\"",
				);
				GCC_DYNAMIC_NO_PIC = NO;
				GCC_OPTIMIZATION_LEVEL = 0;
				GCC_PRECOMPILE_PREFIX_HEADER = YES;
				GCC_PREFIX_HEADER = "App-Prefix.pch";
				GCC_VERSION = com.apple.compilers.llvm.clang.1_0;
				INFOPLIST_FILE = "App-Info.plist";
				IPHONEOS_DEPLOYMENT_TARGET = 5.1;
				LIBRARY_SEARCH_PATHS = (
					"$(inherited)",
					"\"$(SRCROOT)/../../../../Library/Developer/Xcode/DerivedData/Shrooms-emrswdkoivvfbeakyryghjeqswub/Build/Products/Debug-iphoneos\"",
				);
				PRODUCT_NAME = Shrooms;
			};
			name = Debug;
		};
		1D6058950D05DD3E006BFB54 /* Release */ = {
			isa = XCBuildConfiguration;
			buildSettings = {
				COPY_PHASE_STRIP = YES;
				FRAMEWORK_SEARCH_PATHS = (
					"$(inherited)",
					"\"$(SRCROOT)/Vendor\"",
				);
				GCC_PRECOMPILE_PREFIX_HEADER = YES;
				GCC_PREFIX_HEADER = "App-Prefix.pch";
				GCC_VERSION = com.apple.compilers.llvm.clang.1_0;
				INFOPLIST_FILE = "App-Info.plist";
				IPHONEOS_DEPLOYMENT_TARGET = 5.1;
				LIBRARY_SEARCH_PATHS = (
					"$(inherited)",
					"\"$(SRCROOT)/../../../../Library/Developer/Xcode/DerivedData/Shrooms-emrswdkoivvfbeakyryghjeqswub/Build/Products/Debug-iphoneos\"",
				);
				PRODUCT_NAME = Shrooms;
			};
			name = Release;
		};
		C01FCF4F08A954540054247B /* Debug */ = {
			isa = XCBuildConfiguration;
			buildSettings = {
				ARCHS = (
					armv6,
					armv7,
				);
				CODE_SIGN_IDENTITY = "iPhone Developer";
				"CODE_SIGN_IDENTITY[sdk=iphoneos*]" = "iPhone Developer";
				GCC_C_LANGUAGE_STANDARD = c99;
				GCC_THUMB_SUPPORT = NO;
				GCC_WARN_ABOUT_RETURN_TYPE = YES;
				GCC_WARN_UNUSED_VARIABLE = YES;
				IPHONEOS_DEPLOYMENT_TARGET = 5.1;
				OTHER_LDFLAGS = (
					"-ObjC",
					"-all_load",
				);
				PROVISIONING_PROFILE = "";
				SDKROOT = iphoneos;
				USER_HEADER_SEARCH_PATHS = "${SPARROW_SRC}/**";
			};
			name = Debug;
		};
		C01FCF5008A954540054247B /* Release */ = {
			isa = XCBuildConfiguration;
			buildSettings = {
				ARCHS = (
					armv6,
					armv7,
				);
				CODE_SIGN_IDENTITY = "iPhone Developer";
				"CODE_SIGN_IDENTITY[sdk=iphoneos*]" = "iPhone Developer";
				GCC_C_LANGUAGE_STANDARD = c99;
				GCC_THUMB_SUPPORT = NO;
				GCC_WARN_ABOUT_RETURN_TYPE = YES;
				GCC_WARN_UNUSED_VARIABLE = YES;
				IPHONEOS_DEPLOYMENT_TARGET = 5.1;
				OTHER_LDFLAGS = (
					"-ObjC",
					"-all_load",
				);
				PROVISIONING_PROFILE = "";
				SDKROOT = iphoneos;
				USER_HEADER_SEARCH_PATHS = "${SPARROW_SRC}/**";
			};
			name = Release;
		};
/* End XCBuildConfiguration section */

/* Begin XCConfigurationList section */
		1D6058960D05DD3E006BFB54 /* Build configuration list for PBXNativeTarget "Shrooms" */ = {
			isa = XCConfigurationList;
			buildConfigurations = (
				1D6058940D05DD3E006BFB54 /* Debug */,
				1D6058950D05DD3E006BFB54 /* Release */,
			);
			defaultConfigurationIsVisible = 0;
			defaultConfigurationName = Release;
		};
		C01FCF4E08A954540054247B /* Build configuration list for PBXProject "Shrooms" */ = {
			isa = XCConfigurationList;
			buildConfigurations = (
				C01FCF4F08A954540054247B /* Debug */,
				C01FCF5008A954540054247B /* Release */,
			);
			defaultConfigurationIsVisible = 0;
			defaultConfigurationName = Release;
		};
/* End XCConfigurationList section */
	};
	rootObject = 29B97313FDCFA39411CA2CEA /* Project object */;
}
